Microsoft Visual Studio Solution File, Format Version 12.00
# Visual Studio Version 17
VisualStudioVersion = 17.5.2.0
MinimumVisualStudioVersion = 10.0.40219.1
Project("{FAE04EC0-301F-11D3-BF4B-00C04F79EFBC}") = "kvault", "kvault.csproj", "{57EB33EA-8083-F82B-8E4F-09E32BD9A3CE}"
EndProject
Global
	GlobalSection(SolutionConfigurationPlatforms) = preSolution
		Debug|Any CPU = Debug|Any CPU
		Release|Any CPU = Release|Any CPU
	EndGlobalSection
	GlobalSection(ProjectConfigurationPlatforms) = postSolution
		{57EB33EA-8083-F82B-8E4F-09E32BD9A3CE}.Debug|Any CPU.ActiveCfg = Debug|Any CPU
		{57EB33EA-8083-F82B-8E4F-09E32BD9A3CE}.Debug|Any CPU.Build.0 = Debug|Any CPU
		{57EB33EA-8083-F82B-8E4F-09E32BD9A3CE}.Release|Any CPU.ActiveCfg = Release|Any CPU
		{57EB33EA-8083-F82B-8E4F-09E32BD9A3CE}.Release|Any CPU.Build.0 = Release|Any CPU
	EndGlobalSection
	GlobalSection(SolutionProperties) = preSolution
		HideSolutionNode = FALSE
	EndGlobalSection
	GlobalSection(ExtensibilityGlobals) = postSolution
		SolutionGuid = {D36F820A-0DC4-4308-9A61-ADCB151C9FE0}
	EndGlobalSection
EndGlobal
